// !$*UTF8*$!
{
	archiveVersion = 1;
	classes = {
	};
	objectVersion = 50;
	objects = {

/* Begin PBXBuildFile section */
		45C939632176590200ED36F5 /* AppDelegate.swift in Sources */ = {isa = PBXBuildFile; fileRef = 45C939622176590200ED36F5 /* AppDelegate.swift */; };
		45C939652176590200ED36F5 /* DogTableViewController.swift in Sources */ = {isa = PBXBuildFile; fileRef = 45C939642176590200ED36F5 /* DogTableViewController.swift */; };
		45C939682176590200ED36F5 /* Main.storyboard in Resources */ = {isa = PBXBuildFile; fileRef = 45C939662176590200ED36F5 /* Main.storyboard */; };
		45C9396A2176590300ED36F5 /* Assets.xcassets in Resources */ = {isa = PBXBuildFile; fileRef = 45C939692176590300ED36F5 /* Assets.xcassets */; };
		45C9396D2176590300ED36F5 /* LaunchScreen.storyboard in Resources */ = {isa = PBXBuildFile; fileRef = 45C9396B2176590300ED36F5 /* LaunchScreen.storyboard */; };
		45F1E8802178F03D0064801A /* Dog.swift in Sources */ = {isa = PBXBuildFile; fileRef = 45F1E87F2178F03D0064801A /* Dog.swift */; };
		45F1E8822178F2510064801A /* DogTableViewCell.swift in Sources */ = {isa = PBXBuildFile; fileRef = 45F1E8812178F2510064801A /* DogTableViewCell.swift */; };
		45F1E886217F87260064801A /* DogDetailViewController.swift in Sources */ = {isa = PBXBuildFile; fileRef = 45F1E885217F87260064801A /* DogDetailViewController.swift */; };
/* End PBXBuildFile section */

/* Begin PBXFileReference section */
		45C9395F2176590200ED36F5 /* Table View Fun.app */ = {isa = PBXFileReference; explicitFileType = wrapper.application; includeInIndex = 0; path = "Table View Fun.app"; sourceTree = BUILT_PRODUCTS_DIR; };
		45C939622176590200ED36F5 /* AppDelegate.swift */ = {isa = PBXFileReference; lastKnownFileType = sourcecode.swift; path = AppDelegate.swift; sourceTree = "<group>"; };
		45C939642176590200ED36F5 /* DogTableViewController.swift */ = {isa = PBXFileReference; lastKnownFileType = sourcecode.swift; path = DogTableViewController.swift; sourceTree = "<group>"; };
		45C939672176590200ED36F5 /* Base */ = {isa = PBXFileReference; lastKnownFileType = file.storyboard; name = Base; path = Base.lproj/Main.storyboard; sourceTree = "<group>"; };
		45C939692176590300ED36F5 /* Assets.xcassets */ = {isa = PBXFileReference; lastKnownFileType = folder.assetcatalog; path = Assets.xcassets; sourceTree = "<group>"; };
		45C9396C2176590300ED36F5 /* Base */ = {isa = PBXFileReference; lastKnownFileType = file.storyboard; name = Base; path = Base.lproj/LaunchScreen.storyboard; sourceTree = "<group>"; };
		45C9396E2176590300ED36F5 /* Info.plist */ = {isa = PBXFileReference; lastKnownFileType = text.plist.xml; path = Info.plist; sourceTree = "<group>"; };
		45F1E87F2178F03D0064801A /* Dog.swift */ = {isa = PBXFileReference; lastKnownFileType = sourcecode.swift; path = Dog.swift; sourceTree = "<group>"; };
		45F1E8812178F2510064801A /* DogTableViewCell.swift */ = {isa = PBXFileReference; lastKnownFileType = sourcecode.swift; path = DogTableViewCell.swift; sourceTree = "<group>"; };
		45F1E885217F87260064801A /* DogDetailViewController.swift */ = {isa = PBXFileReference; lastKnownFileType = sourcecode.swift; path = DogDetailViewController.swift; sourceTree = "<group>"; };
/* End PBXFileReference section */

/* Begin PBXFrameworksBuildPhase section */
		45C9395C2176590200ED36F5 /* Frameworks */ = {
			isa = PBXFrameworksBuildPhase;
			buildActionMask = 2147483647;
			files = (
			);
			runOnlyForDeploymentPostprocessing = 0;
		};
/* End PBXFrameworksBuildPhase section */

/* Begin PBXGroup section */
		45C939562176590200ED36F5 = {
			isa = PBXGroup;
			children = (
				45C939612176590200ED36F5 /* Table View Fun */,
				45C939602176590200ED36F5 /* Products */,
			);
			sourceTree = "<group>";
		};
		45C939602176590200ED36F5 /* Products */ = {
			isa = PBXGroup;
			children = (
				45C9395F2176590200ED36F5 /* Table View Fun.app */,
			);
			name = Products;
			sourceTree = "<group>";
		};
		45C939612176590200ED36F5 /* Table View Fun */ = {
			isa = PBXGroup;
			children = (
				45C939622176590200ED36F5 /* AppDelegate.swift */,
				45C939642176590200ED36F5 /* DogTableViewController.swift */,
				45F1E885217F87260064801A /* DogDetailViewController.swift */,
				45F1E8812178F2510064801A /* DogTableViewCell.swift */,
				45F1E87F2178F03D0064801A /* Dog.swift */,
				45C939662176590200ED36F5 /* Main.storyboard */,
				45C939692176590300ED36F5 /* Assets.xcassets */,
				45C9396B2176590300ED36F5 /* LaunchScreen.storyboard */,
				45C9396E2176590300ED36F5 /* Info.plist */,
			);
			path = "Table View Fun";
			sourceTree = "<group>";
		};
/* End PBXGroup section */

/* Begin PBXNativeTarget section */
		45C9395E2176590200ED36F5 /* Table View Fun */ = {
			isa = PBXNativeTarget;
			buildConfigurationList = 45C939712176590300ED36F5 /* Build configuration list for PBXNativeTarget "Table View Fun" */;
			buildPhases = (
				45C9395B2176590200ED36F5 /* Sources */,
				45C9395C2176590200ED36F5 /* Frameworks */,
				45C9395D2176590200ED36F5 /* Resources */,
			);
			buildRules = (
			);
			dependencies = (
			);
			name = "Table View Fun";
			productName = "Table View Fun";
			productReference = 45C9395F2176590200ED36F5 /* Table View Fun.app */;
			productType = "com.apple.product-type.application";
		};
/* End PBXNativeTarget section */

/* Begin PBXProject section */
		45C939572176590200ED36F5 /* Project object */ = {
			isa = PBXProject;
			attributes = {
				LastSwiftUpdateCheck = 1000;
				LastUpgradeCheck = 1000;
				ORGANIZATIONNAME = "Gina Sprint";
				TargetAttributes = {
					45C9395E2176590200ED36F5 = {
						CreatedOnToolsVersion = 10.0;
					};
				};
			};
			buildConfigurationList = 45C9395A2176590200ED36F5 /* Build configuration list for PBXProject "Table View Fun" */;
			compatibilityVersion = "Xcode 9.3";
			developmentRegion = en;
			hasScannedForEncodings = 0;
			knownRegions = (
				en,
				Base,
			);
			mainGroup = 45C939562176590200ED36F5;
			productRefGroup = 45C939602176590200ED36F5 /* Products */;
			projectDirPath = "";
			projectRoot = "";
			targets = (
				45C9395E2176590200ED36F5 /* Table View Fun */,
			);
		};
/* End PBXProject section */

/* Begin PBXResourcesBuildPhase section */
		45C9395D2176590200ED36F5 /* Resources */ = {
			isa = PBXResourcesBuildPhase;
			buildActionMask = 2147483647;
			files = (
				45C9396D2176590300ED36F5 /* LaunchScreen.storyboard in Resources */,
				45C9396A2176590300ED36F5 /* Assets.xcassets in Resources */,
				45C939682176590200ED36F5 /* Main.storyboard in Resources */,
			);
			runOnlyForDeploymentPostprocessing = 0;
		};
/* End PBXResourcesBuildPhase section */

/* Begin PBXSourcesBuildPhase section */
		45C9395B2176590200ED36F5 /* Sources */ = {
			isa = PBXSourcesBuildPhase;
			buildActionMask = 2147483647;
			files = (
				45C939652176590200ED36F5 /* DogTableViewController.swift in Sources */,
				45F1E886217F87260064801A /* DogDetailViewController.swift in Sources */,
				45C939632176590200ED36F5 /* AppDelegate.swift in Sources */,
				45F1E8822178F2510064801A /* DogTableViewCell.swift in Sources */,
				45F1E8802178F03D0064801A /* Dog.swift in Sources */,
			);
			runOnlyForDeploymentPostprocessing = 0;
		};
/* End PBXSourcesBuildPhase section */

/* Begin PBXVariantGroup section */
		45C939662176590200ED36F5 /* Main.storyboard */ = {
			isa = PBXVariantGroup;
			children = (
				45C939672176590200ED36F5 /* Base */,
			);
			name = Main.storyboard;
			sourceTree = "<group>";
		};
		45C9396B2176590300ED36F5 /* LaunchScreen.storyboard */ = {
			isa = PBXVariantGroup;
			children = (
				45C9396C2176590300ED36F5 /* Base */,
			);
			name = LaunchScreen.storyboard;
			sourceTree = "<group>";
		};
/* End PBXVariantGroup section */

/* Begin XCBuildConfiguration section */
		45C9396F2176590300ED36F5 /* Debug */ = {
			isa = XCBuildConfiguration;
			buildSettings = {
				ALWAYS_SEARCH_USER_PATHS = NO;
				CLANG_ANALYZER_NONNULL = YES;
				CLANG_ANALYZER_NUMBER_OBJECT_CONVERSION = YES_AGGRESSIVE;
				CLANG_CXX_LANGUAGE_STANDARD = "gnu++14";
				CLANG_CXX_LIBRARY = "libc++";
				CLANG_ENABLE_MODULES = YES;
				CLANG_ENABLE_OBJC_ARC = YES;
				CLANG_ENABLE_OBJC_WEAK = YES;
				CLANG_WARN_BLOCK_CAPTURE_AUTORELEASING = YES;
				CLANG_WARN_BOOL_CONVERSION = YES;
				CLANG_WARN_COMMA = YES;
				CLANG_WARN_CONSTANT_CONVERSION = YES;
				CLANG_WARN_DEPRECATED_OBJC_IMPLEMENTATIONS = YES;
				CLANG_WARN_DIRECT_OBJC_ISA_USAGE = YES_ERROR;
				CLANG_WARN_DOCUMENTATION_COMMENTS = YES;
				CLANG_WARN_EMPTY_BODY = YES;
				CLANG_WARN_ENUM_CONVERSION = YES;
				CLANG_WARN_INFINITE_RECURSION = YES;
				CLANG_WARN_INT_CONVERSION = YES;
				CLANG_WARN_NON_LITERAL_NULL_CONVERSION = YES;
				CLANG_WARN_OBJC_IMPLICIT_RETAIN_SELF = YES;
				CLANG_WARN_OBJC_LITERAL_CONVERSION = YES;
				CLANG_WARN_OBJC_ROOT_CLASS = YES_ERROR;
				CLANG_WARN_RANGE_LOOP_ANALYSIS = YES;
				CLANG_WARN_STRICT_PROTOTYPES = YES;
				CLANG_WARN_SUSPICIOUS_MOVE = YES;
				CLANG_WARN_UNGUARDED_AVAILABILITY = YES_AGGRESSIVE;
				CLANG_WARN_UNREACHABLE_CODE = YES;
				CLANG_WARN__DUPLICATE_METHOD_MATCH = YES;
				CODE_SIGN_IDENTITY = "iPhone Developer";
				COPY_PHASE_STRIP = NO;
				DEBUG_INFORMATION_FORMAT = dwarf;
				ENABLE_STRICT_OBJC_MSGSEND = YES;
				ENABLE_TESTABILITY = YES;
				GCC_C_LANGUAGE_STANDARD = gnu11;
				GCC_DYNAMIC_NO_PIC = NO;
				GCC_NO_COMMON_BLOCKS = YES;
				GCC_OPTIMIZATION_LEVEL = 0;
				GCC_PREPROCESSOR_DEFINITIONS = (
					"DEBUG=1",
					"$(inherited)",
				);
				GCC_WARN_64_TO_32_BIT_CONVERSION = YES;
				GCC_WARN_ABOUT_RETURN_TYPE = YES_ERROR;
				GCC_WARN_UNDECLARED_SELECTOR = YES;
				GCC_WARN_UNINITIALIZED_AUTOS = YES_AGGRESSIVE;
				GCC_WARN_UNUSED_FUNCTION = YES;
				GCC_WARN_UNUSED_VARIABLE = YES;
				IPHONEOS_DEPLOYMENT_TARGET = 12.0;
				MTL_ENABLE_DEBUG_INFO = INCLUDE_SOURCE;
				MTL_FAST_MATH = YES;
				ONLY_ACTIVE_ARCH = YES;
				SDKROOT = iphoneos;
				SWIFT_ACTIVE_COMPILATION_CONDITIONS = DEBUG;
				SWIFT_OPTIMIZATION_LEVEL = "-Onone";
			};
			name = Debug;
		};
		45C939702176590300ED36F5 /* Release */ = {
			isa = XCBuildConfiguration;
			buildSettings = {
				ALWAYS_SEARCH_USER_PATHS = NO;
				CLANG_ANALYZER_NONNULL = YES;
				CLANG_ANALYZER_NUMBER_OBJECT_CONVERSION = YES_AGGRESSIVE;
				CLANG_CXX_LANGUAGE_STANDARD = "gnu++14";
				CLANG_CXX_LIBRARY = "libc++";
				CLANG_ENABLE_MODULES = YES;
				CLANG_ENABLE_OBJC_ARC = YES;
				CLANG_ENABLE_OBJC_WEAK = YES;
				CLANG_WARN_BLOCK_CAPTURE_AUTORELEASING = YES;
				CLANG_WARN_BOOL_CONVERSION = YES;
				CLANG_WARN_COMMA = YES;
				CLANG_WARN_CONSTANT_CONVERSION = YES;
				CLANG_WARN_DEPRECATED_OBJC_IMPLEMENTATIONS = YES;
				CLANG_WARN_DIRECT_OBJC_ISA_USAGE = YES_ERROR;
				CLANG_WARN_DOCUMENTATION_COMMENTS = YES;
				CLANG_WARN_EMPTY_BODY = YES;
				CLANG_WARN_ENUM_CONVERSION = YES;
				CLANG_WARN_INFINITE_RECURSION = YES;
				CLANG_WARN_INT_CONVERSION = YES;
				CLANG_WARN_NON_LITERAL_NULL_CONVERSION = YES;
				CLANG_WARN_OBJC_IMPLICIT_RETAIN_SELF = YES;
				CLANG_WARN_OBJC_LITERAL_CONVERSION = YES;
				CLANG_WARN_OBJC_ROOT_CLASS = YES_ERROR;
				CLANG_WARN_RANGE_LOOP_ANALYSIS = YES;
				CLANG_WARN_STRICT_PROTOTYPES = YES;
				CLANG_WARN_SUSPICIOUS_MOVE = YES;
				CLANG_WARN_UNGUARDED_AVAILABILITY = YES_AGGRESSIVE;
				CLANG_WARN_UNREACHABLE_CODE = YES;
				CLANG_WARN__DUPLICATE_METHOD_MATCH = YES;
				CODE_SIGN_IDENTITY = "iPhone Developer";
				COPY_PHASE_STRIP = NO;
				DEBUG_INFORMATION_FORMAT = "dwarf-with-dsym";
				ENABLE_NS_ASSERTIONS = NO;
				ENABLE_STRICT_OBJC_MSGSEND = YES;
				GCC_C_LANGUAGE_STANDARD = gnu11;
				GCC_NO_COMMON_BLOCKS = YES;
				GCC_WARN_64_TO_32_BIT_CONVERSION = YES;
				GCC_WARN_ABOUT_RETURN_TYPE = YES_ERROR;
				GCC_WARN_UNDECLARED_SELECTOR = YES;
				GCC_WARN_UNINITIALIZED_AUTOS = YES_AGGRESSIVE;
				GCC_WARN_UNUSED_FUNCTION = YES;
				GCC_WARN_UNUSED_VARIABLE = YES;
				IPHONEOS_DEPLOYMENT_TARGET = 12.0;
				MTL_ENABLE_DEBUG_INFO = NO;
				MTL_FAST_MATH = YES;
				SDKROOT = iphoneos;
				SWIFT_COMPILATION_MODE = wholemodule;
				SWIFT_OPTIMIZATION_LEVEL = "-O";
				VALIDATE_PRODUCT = YES;
			};
			name = Release;
		};
		45C939722176590300ED36F5 /* Debug */ = {
			isa = XCBuildConfiguration;
			buildSettings = {
				ASSETCATALOG_COMPILER_APPICON_NAME = AppIcon;
				CODE_SIGN_STYLE = Automatic;
				DEVELOPMENT_TEAM = GUYPJD4NUE;
				INFOPLIST_FILE = "Table View Fun/Info.plist";
				LD_RUNPATH_SEARCH_PATHS = (
					"$(inherited)",
					"@executable_path/Frameworks",
				);
				PRODUCT_BUNDLE_IDENTIFIER = "com.ginasprint.Table-View-Fun";
				PRODUCT_NAME = "$(TARGET_NAME)";
				SWIFT_VERSION = 4.2;
				TARGETED_DEVICE_FAMILY = "1,2";
			};
			name = Debug;
		};
		45C939732176590300ED36F5 /* Release */ = {
			isa = XCBuildConfiguration;
			buildSettings = {
				ASSETCATALOG_COMPILER_APPICON_NAME = AppIcon;
				CODE_SIGN_STYLE = Automatic;
				DEVELOPMENT_TEAM = GUYPJD4NUE;
				INFOPLIST_FILE = "Table View Fun/Info.plist";
				LD_RUNPATH_SEARCH_PATHS = (
					"$(inherited)",
					"@executable_path/Frameworks",
				);
				PRODUCT_BUNDLE_IDENTIFIER = "com.ginasprint.Table-View-Fun";
				PRODUCT_NAME = "$(TARGET_NAME)";
				SWIFT_VERSION = 4.2;
				TARGETED_DEVICE_FAMILY = "1,2";
			};
			name = Release;
		};
/* End XCBuildConfiguration section */

/* Begin XCConfigurationList section */
		45C9395A2176590200ED36F5 /* Build configuration list for PBXProject "Table View Fun" */ = {
			isa = XCConfigurationList;
			buildConfigurations = (
				45C9396F2176590300ED36F5 /* Debug */,
				45C939702176590300ED36F5 /* Release */,
			);
			defaultConfigurationIsVisible = 0;
			defaultConfigurationName = Release;
		};
		45C939712176590300ED36F5 /* Build configuration list for PBXNativeTarget "Table View Fun" */ = {
			isa = XCConfigurationList;
			buildConfigurations = (
				45C939722176590300ED36F5 /* Debug */,
				45C939732176590300ED36F5 /* Release */,
			);
			defaultConfigurationIsVisible = 0;
			defaultConfigurationName = Release;
		};
/* End XCConfigurationList section */
	};
	rootObject = 45C939572176590200ED36F5 /* Project object */;
}
